
Microsoft Visual Studio Solution File, Format Version 12.00
# Visual Studio Version 17
VisualStudioVersion = 17.1.32328.378
MinimumVisualStudioVersion = 10.0.40219.1
Project("{FAE04EC0-301F-11D3-BF4B-00C04F79EFBC}") = "TradingCompanyConsole", "TradingCompany\TradingCompanyConsole.csproj", "{554DA6FE-E273-4B8E-AF50-6712F44AAA86}"
EndProject
Project("{FAE04EC0-301F-11D3-BF4B-00C04F79EFBC}") = "TradingCompanyDAL", "TradingCompanyDAL\TradingCompanyDAL.csproj", "{0483EB39-5134-4B22-AAA5-587191DF9B03}"
EndProject
Project("{FAE04EC0-301F-11D3-BF4B-00C04F79EFBC}") = "TradingCompanyDTO", "TradingCompanyDTO\TradingCompanyDTO.csproj", "{CF0855AC-A250-4F89-BB9A-CA6A51A33E55}"
EndProject
Global
	GlobalSection(SolutionConfigurationPlatforms) = preSolution
		Debug|Any CPU = Debug|Any CPU
		Release|Any CPU = Release|Any CPU
	EndGlobalSection
	GlobalSection(ProjectConfigurationPlatforms) = postSolution
		{554DA6FE-E273-4B8E-AF50-6712F44AAA86}.Debug|Any CPU.ActiveCfg = Debug|Any CPU
		{554DA6FE-E273-4B8E-AF50-6712F44AAA86}.Debug|Any CPU.Build.0 = Debug|Any CPU
		{554DA6FE-E273-4B8E-AF50-6712F44AAA86}.Release|Any CPU.ActiveCfg = Release|Any CPU
		{554DA6FE-E273-4B8E-AF50-6712F44AAA86}.Release|Any CPU.Build.0 = Release|Any CPU
		{0483EB39-5134-4B22-AAA5-587191DF9B03}.Debug|Any CPU.ActiveCfg = Debug|Any CPU
		{0483EB39-5134-4B22-AAA5-587191DF9B03}.Debug|Any CPU.Build.0 = Debug|Any CPU
		{0483EB39-5134-4B22-AAA5-587191DF9B03}.Release|Any CPU.ActiveCfg = Release|Any CPU
		{0483EB39-5134-4B22-AAA5-587191DF9B03}.Release|Any CPU.Build.0 = Release|Any CPU
		{CF0855AC-A250-4F89-BB9A-CA6A51A33E55}.Debug|Any CPU.ActiveCfg = Debug|Any CPU
		{CF0855AC-A250-4F89-BB9A-CA6A51A33E55}.Debug|Any CPU.Build.0 = Debug|Any CPU
		{CF0855AC-A250-4F89-BB9A-CA6A51A33E55}.Release|Any CPU.ActiveCfg = Release|Any CPU
		{CF0855AC-A250-4F89-BB9A-CA6A51A33E55}.Release|Any CPU.Build.0 = Release|Any CPU
	EndGlobalSection
	GlobalSection(SolutionProperties) = preSolution
		HideSolutionNode = FALSE
	EndGlobalSection
	GlobalSection(ExtensibilityGlobals) = postSolution
		SolutionGuid = {7E7A6A70-1973-4670-B6B1-0EF5F5947083}
	EndGlobalSection
EndGlobal
